{
    "_readme": [
        "This file locks the dependencies of your project to a known state",
        "Read more about it at https://getcomposer.org/doc/01-basic-usage.md#composer-lock-the-lock-file",
        "This file is @generated automatically"
    ],
    "content-hash": "6818248acdf06b8e0f5581a45170b1c0",
    "packages": [
        {
            "name": "easygithdev/easygd",
            "version": "v1.0.1",
            "source": {
                "type": "git",
                "url": "https://github.com/EasyGithDev/EasyGD.git",
                "reference": "ab7f7ecc2704a36830cf11aa1d8f5c513d9a5d39"
            },
            "dist": {
                "type": "zip",
                "url": "https://api.github.com/repos/EasyGithDev/EasyGD/zipball/ab7f7ecc2704a36830cf11aa1d8f5c513d9a5d39",
                "reference": "ab7f7ecc2704a36830cf11aa1d8f5c513d9a5d39",
                "shasum": ""
            },
            "require": {
                "php": ">=7.0"
            },
            "type": "library",
            "autoload": {
                "psr-4": {
                    "Easygd\\": "src/"
                }
            },
            "notification-url": "https://packagist.org/downloads/",
            "license": [
                "MIT"
            ],
            "authors": [
                {
                    "name": "Florent Brusciano",
                    "email": "florent.brusciano@gmail.com"
                }
            ],
            "description": "EasyGD - a PHP framework for use GD easier",
            "keywords": [
                "gd",
                "image",
                "php"
            ],
            "time": "2020-06-21T09:51:02+00:00"
        }
    ],
    "packages-dev": [],
    "aliases": [],
    "minimum-stability": "stable",
    "stability-flags": [],
    "prefer-stable": false,
    "prefer-lowest": false,
    "platform": [],
    "platform-dev": []
}
